// !$*UTF8*$!
{
	archiveVersion = 1;
	classes = {
	};
	objectVersion = 50;
	objects = {

/* Begin PBXBuildFile section */
		871DE73D2085FDBF00E3C8C9 /* HAProgressIndicator.framework in Frameworks */ = {isa = PBXBuildFile; fileRef = 871DE7332085FDBF00E3C8C9 /* HAProgressIndicator.framework */; };
		871DE7422085FDBF00E3C8C9 /* HAProgressIndicatorTests.swift in Sources */ = {isa = PBXBuildFile; fileRef = 871DE7412085FDBF00E3C8C9 /* HAProgressIndicatorTests.swift */; };
		871DE7442085FDBF00E3C8C9 /* HAProgressIndicator.h in Headers */ = {isa = PBXBuildFile; fileRef = 871DE7362085FDBF00E3C8C9 /* HAProgressIndicator.h */; settings = {ATTRIBUTES = (Public, ); }; };
		871DE74F2085FDD500E3C8C9 /* HAProgressIndicator.swift in Sources */ = {isa = PBXBuildFile; fileRef = 871DE74D2085FDD400E3C8C9 /* HAProgressIndicator.swift */; };
		871DE7502085FDD500E3C8C9 /* Constants.swift in Sources */ = {isa = PBXBuildFile; fileRef = 871DE74E2085FDD400E3C8C9 /* Constants.swift */; };
/* End PBXBuildFile section */

/* Begin PBXContainerItemProxy section */
		871DE73E2085FDBF00E3C8C9 /* PBXContainerItemProxy */ = {
			isa = PBXContainerItemProxy;
			containerPortal = 871DE72A2085FDBF00E3C8C9 /* Project object */;
			proxyType = 1;
			remoteGlobalIDString = 871DE7322085FDBF00E3C8C9;
			remoteInfo = HAProgressIndicator;
		};
/* End PBXContainerItemProxy section */

/* Begin PBXFileReference section */
		871DE7332085FDBF00E3C8C9 /* HAProgressIndicator.framework */ = {isa = PBXFileReference; explicitFileType = wrapper.framework; includeInIndex = 0; path = HAProgressIndicator.framework; sourceTree = BUILT_PRODUCTS_DIR; };
		871DE7362085FDBF00E3C8C9 /* HAProgressIndicator.h */ = {isa = PBXFileReference; lastKnownFileType = sourcecode.c.h; path = HAProgressIndicator.h; sourceTree = "<group>"; };
		871DE7372085FDBF00E3C8C9 /* Info.plist */ = {isa = PBXFileReference; lastKnownFileType = text.plist.xml; path = Info.plist; sourceTree = "<group>"; };
		871DE73C2085FDBF00E3C8C9 /* HAProgressIndicatorTests.xctest */ = {isa = PBXFileReference; explicitFileType = wrapper.cfbundle; includeInIndex = 0; path = HAProgressIndicatorTests.xctest; sourceTree = BUILT_PRODUCTS_DIR; };
		871DE7412085FDBF00E3C8C9 /* HAProgressIndicatorTests.swift */ = {isa = PBXFileReference; lastKnownFileType = sourcecode.swift; path = HAProgressIndicatorTests.swift; sourceTree = "<group>"; };
		871DE7432085FDBF00E3C8C9 /* Info.plist */ = {isa = PBXFileReference; lastKnownFileType = text.plist.xml; path = Info.plist; sourceTree = "<group>"; };
		871DE74D2085FDD400E3C8C9 /* HAProgressIndicator.swift */ = {isa = PBXFileReference; fileEncoding = 4; lastKnownFileType = sourcecode.swift; path = HAProgressIndicator.swift; sourceTree = "<group>"; };
		871DE74E2085FDD400E3C8C9 /* Constants.swift */ = {isa = PBXFileReference; fileEncoding = 4; lastKnownFileType = sourcecode.swift; path = Constants.swift; sourceTree = "<group>"; };
/* End PBXFileReference section */

/* Begin PBXFrameworksBuildPhase section */
		871DE72F2085FDBF00E3C8C9 /* Frameworks */ = {
			isa = PBXFrameworksBuildPhase;
			buildActionMask = 2147483647;
			files = (
			);
			runOnlyForDeploymentPostprocessing = 0;
		};
		871DE7392085FDBF00E3C8C9 /* Frameworks */ = {
			isa = PBXFrameworksBuildPhase;
			buildActionMask = 2147483647;
			files = (
				871DE73D2085FDBF00E3C8C9 /* HAProgressIndicator.framework in Frameworks */,
			);
			runOnlyForDeploymentPostprocessing = 0;
		};
/* End PBXFrameworksBuildPhase section */

/* Begin PBXGroup section */
		871DE7292085FDBF00E3C8C9 = {
			isa = PBXGroup;
			children = (
				871DE7352085FDBF00E3C8C9 /* HAProgressIndicator */,
				871DE7402085FDBF00E3C8C9 /* HAProgressIndicatorTests */,
				871DE7342085FDBF00E3C8C9 /* Products */,
			);
			sourceTree = "<group>";
		};
		871DE7342085FDBF00E3C8C9 /* Products */ = {
			isa = PBXGroup;
			children = (
				871DE7332085FDBF00E3C8C9 /* HAProgressIndicator.framework */,
				871DE73C2085FDBF00E3C8C9 /* HAProgressIndicatorTests.xctest */,
			);
			name = Products;
			sourceTree = "<group>";
		};
		871DE7352085FDBF00E3C8C9 /* HAProgressIndicator */ = {
			isa = PBXGroup;
			children = (
				871DE7362085FDBF00E3C8C9 /* HAProgressIndicator.h */,
				871DE7372085FDBF00E3C8C9 /* Info.plist */,
				871DE74E2085FDD400E3C8C9 /* Constants.swift */,
				871DE74D2085FDD400E3C8C9 /* HAProgressIndicator.swift */,
			);
			path = HAProgressIndicator;
			sourceTree = "<group>";
		};
		871DE7402085FDBF00E3C8C9 /* HAProgressIndicatorTests */ = {
			isa = PBXGroup;
			children = (
				871DE7412085FDBF00E3C8C9 /* HAProgressIndicatorTests.swift */,
				871DE7432085FDBF00E3C8C9 /* Info.plist */,
			);
			path = HAProgressIndicatorTests;
			sourceTree = "<group>";
		};
/* End PBXGroup section */

/* Begin PBXHeadersBuildPhase section */
		871DE7302085FDBF00E3C8C9 /* Headers */ = {
			isa = PBXHeadersBuildPhase;
			buildActionMask = 2147483647;
			files = (
				871DE7442085FDBF00E3C8C9 /* HAProgressIndicator.h in Headers */,
			);
			runOnlyForDeploymentPostprocessing = 0;
		};
/* End PBXHeadersBuildPhase section */

/* Begin PBXNativeTarget section */
		871DE7322085FDBF00E3C8C9 /* HAProgressIndicator */ = {
			isa = PBXNativeTarget;
			buildConfigurationList = 871DE7472085FDBF00E3C8C9 /* Build configuration list for PBXNativeTarget "HAProgressIndicator" */;
			buildPhases = (
				871DE72E2085FDBF00E3C8C9 /* Sources */,
				871DE72F2085FDBF00E3C8C9 /* Frameworks */,
				871DE7302085FDBF00E3C8C9 /* Headers */,
				871DE7312085FDBF00E3C8C9 /* Resources */,
			);
			buildRules = (
			);
			dependencies = (
			);
			name = HAProgressIndicator;
			productName = HAProgressIndicator;
			productReference = 871DE7332085FDBF00E3C8C9 /* HAProgressIndicator.framework */;
			productType = "com.apple.product-type.framework";
		};
		871DE73B2085FDBF00E3C8C9 /* HAProgressIndicatorTests */ = {
			isa = PBXNativeTarget;
			buildConfigurationList = 871DE74A2085FDBF00E3C8C9 /* Build configuration list for PBXNativeTarget "HAProgressIndicatorTests" */;
			buildPhases = (
				871DE7382085FDBF00E3C8C9 /* Sources */,
				871DE7392085FDBF00E3C8C9 /* Frameworks */,
				871DE73A2085FDBF00E3C8C9 /* Resources */,
			);
			buildRules = (
			);
			dependencies = (
				871DE73F2085FDBF00E3C8C9 /* PBXTargetDependency */,
			);
			name = HAProgressIndicatorTests;
			productName = HAProgressIndicatorTests;
			productReference = 871DE73C2085FDBF00E3C8C9 /* HAProgressIndicatorTests.xctest */;
			productType = "com.apple.product-type.bundle.unit-test";
		};
/* End PBXNativeTarget section */

/* Begin PBXProject section */
		871DE72A2085FDBF00E3C8C9 /* Project object */ = {
			isa = PBXProject;
			attributes = {
				LastSwiftUpdateCheck = 0930;
				LastUpgradeCheck = 0930;
				TargetAttributes = {
					871DE7322085FDBF00E3C8C9 = {
						CreatedOnToolsVersion = 9.3;
						LastSwiftMigration = 0930;
					};
					871DE73B2085FDBF00E3C8C9 = {
						CreatedOnToolsVersion = 9.3;
					};
				};
			};
			buildConfigurationList = 871DE72D2085FDBF00E3C8C9 /* Build configuration list for PBXProject "HAProgressIndicator" */;
			compatibilityVersion = "Xcode 9.3";
			developmentRegion = en;
			hasScannedForEncodings = 0;
			knownRegions = (
				en,
			);
			mainGroup = 871DE7292085FDBF00E3C8C9;
			productRefGroup = 871DE7342085FDBF00E3C8C9 /* Products */;
			projectDirPath = "";
			projectRoot = "";
			targets = (
				871DE7322085FDBF00E3C8C9 /* HAProgressIndicator */,
				871DE73B2085FDBF00E3C8C9 /* HAProgressIndicatorTests */,
			);
		};
/* End PBXProject section */

/* Begin PBXResourcesBuildPhase section */
		871DE7312085FDBF00E3C8C9 /* Resources */ = {
			isa = PBXResourcesBuildPhase;
			buildActionMask = 2147483647;
			files = (
			);
			runOnlyForDeploymentPostprocessing = 0;
		};
		871DE73A2085FDBF00E3C8C9 /* Resources */ = {
			isa = PBXResourcesBuildPhase;
			buildActionMask = 2147483647;
			files = (
			);
			runOnlyForDeploymentPostprocessing = 0;
		};
/* End PBXResourcesBuildPhase section */

/* Begin PBXSourcesBuildPhase section */
		871DE72E2085FDBF00E3C8C9 /* Sources */ = {
			isa = PBXSourcesBuildPhase;
			buildActionMask = 2147483647;
			files = (
				871DE74F2085FDD500E3C8C9 /* HAProgressIndicator.swift in Sources */,
				871DE7502085FDD500E3C8C9 /* Constants.swift in Sources */,
			);
			runOnlyForDeploymentPostprocessing = 0;
		};
		871DE7382085FDBF00E3C8C9 /* Sources */ = {
			isa = PBXSourcesBuildPhase;
			buildActionMask = 2147483647;
			files = (
				871DE7422085FDBF00E3C8C9 /* HAProgressIndicatorTests.swift in Sources */,
			);
			runOnlyForDeploymentPostprocessing = 0;
		};
/* End PBXSourcesBuildPhase section */

/* Begin PBXTargetDependency section */
		871DE73F2085FDBF00E3C8C9 /* PBXTargetDependency */ = {
			isa = PBXTargetDependency;
			target = 871DE7322085FDBF00E3C8C9 /* HAProgressIndicator */;
			targetProxy = 871DE73E2085FDBF00E3C8C9 /* PBXContainerItemProxy */;
		};
/* End PBXTargetDependency section */

/* Begin XCBuildConfiguration section */
		871DE7452085FDBF00E3C8C9 /* Debug */ = {
			isa = XCBuildConfiguration;
			buildSettings = {
				ALWAYS_SEARCH_USER_PATHS = NO;
				CLANG_ANALYZER_NONNULL = YES;
				CLANG_ANALYZER_NUMBER_OBJECT_CONVERSION = YES_AGGRESSIVE;
				CLANG_CXX_LANGUAGE_STANDARD = "gnu++14";
				CLANG_CXX_LIBRARY = "libc++";
				CLANG_ENABLE_MODULES = YES;
				CLANG_ENABLE_OBJC_ARC = YES;
				CLANG_ENABLE_OBJC_WEAK = YES;
				CLANG_WARN_BLOCK_CAPTURE_AUTORELEASING = YES;
				CLANG_WARN_BOOL_CONVERSION = YES;
				CLANG_WARN_COMMA = YES;
				CLANG_WARN_CONSTANT_CONVERSION = YES;
				CLANG_WARN_DEPRECATED_OBJC_IMPLEMENTATIONS = YES;
				CLANG_WARN_DIRECT_OBJC_ISA_USAGE = YES_ERROR;
				CLANG_WARN_DOCUMENTATION_COMMENTS = YES;
				CLANG_WARN_EMPTY_BODY = YES;
				CLANG_WARN_ENUM_CONVERSION = YES;
				CLANG_WARN_INFINITE_RECURSION = YES;
				CLANG_WARN_INT_CONVERSION = YES;
				CLANG_WARN_NON_LITERAL_NULL_CONVERSION = YES;
				CLANG_WARN_OBJC_IMPLICIT_RETAIN_SELF = YES;
				CLANG_WARN_OBJC_LITERAL_CONVERSION = YES;
				CLANG_WARN_OBJC_ROOT_CLASS = YES_ERROR;
				CLANG_WARN_RANGE_LOOP_ANALYSIS = YES;
				CLANG_WARN_STRICT_PROTOTYPES = YES;
				CLANG_WARN_SUSPICIOUS_MOVE = YES;
				CLANG_WARN_UNGUARDED_AVAILABILITY = YES_AGGRESSIVE;
				CLANG_WARN_UNREACHABLE_CODE = YES;
				CLANG_WARN__DUPLICATE_METHOD_MATCH = YES;
				CODE_SIGN_IDENTITY = "iPhone Developer";
				COPY_PHASE_STRIP = NO;
				CURRENT_PROJECT_VERSION = 1;
				DEBUG_INFORMATION_FORMAT = dwarf;
				ENABLE_STRICT_OBJC_MSGSEND = YES;
				ENABLE_TESTABILITY = YES;
				GCC_C_LANGUAGE_STANDARD = gnu11;
				GCC_DYNAMIC_NO_PIC = NO;
				GCC_NO_COMMON_BLOCKS = YES;
				GCC_OPTIMIZATION_LEVEL = 0;
				GCC_PREPROCESSOR_DEFINITIONS = (
					"DEBUG=1",
					"$(inherited)",
				);
				GCC_WARN_64_TO_32_BIT_CONVERSION = YES;
				GCC_WARN_ABOUT_RETURN_TYPE = YES_ERROR;
				GCC_WARN_UNDECLARED_SELECTOR = YES;
				GCC_WARN_UNINITIALIZED_AUTOS = YES_AGGRESSIVE;
				GCC_WARN_UNUSED_FUNCTION = YES;
				GCC_WARN_UNUSED_VARIABLE = YES;
				IPHONEOS_DEPLOYMENT_TARGET = 10.3;
				MTL_ENABLE_DEBUG_INFO = YES;
				ONLY_ACTIVE_ARCH = YES;
				SDKROOT = iphoneos;
				SWIFT_ACTIVE_COMPILATION_CONDITIONS = DEBUG;
				SWIFT_OPTIMIZATION_LEVEL = "-Onone";
				VERSIONING_SYSTEM = "apple-generic";
				VERSION_INFO_PREFIX = "";
			};
			name = Debug;
		};
		871DE7462085FDBF00E3C8C9 /* Release */ = {
			isa = XCBuildConfiguration;
			buildSettings = {
				ALWAYS_SEARCH_USER_PATHS = NO;
				CLANG_ANALYZER_NONNULL = YES;
				CLANG_ANALYZER_NUMBER_OBJECT_CONVERSION = YES_AGGRESSIVE;
				CLANG_CXX_LANGUAGE_STANDARD = "gnu++14";
				CLANG_CXX_LIBRARY = "libc++";
				CLANG_ENABLE_MODULES = YES;
				CLANG_ENABLE_OBJC_ARC = YES;
				CLANG_ENABLE_OBJC_WEAK = YES;
				CLANG_WARN_BLOCK_CAPTURE_AUTORELEASING = YES;
				CLANG_WARN_BOOL_CONVERSION = YES;
				CLANG_WARN_COMMA = YES;
				CLANG_WARN_CONSTANT_CONVERSION = YES;
				CLANG_WARN_DEPRECATED_OBJC_IMPLEMENTATIONS = YES;
				CLANG_WARN_DIRECT_OBJC_ISA_USAGE = YES_ERROR;
				CLANG_WARN_DOCUMENTATION_COMMENTS = YES;
				CLANG_WARN_EMPTY_BODY = YES;
				CLANG_WARN_ENUM_CONVERSION = YES;
				CLANG_WARN_INFINITE_RECURSION = YES;
				CLANG_WARN_INT_CONVERSION = YES;
				CLANG_WARN_NON_LITERAL_NULL_CONVERSION = YES;
				CLANG_WARN_OBJC_IMPLICIT_RETAIN_SELF = YES;
				CLANG_WARN_OBJC_LITERAL_CONVERSION = YES;
				CLANG_WARN_OBJC_ROOT_CLASS = YES_ERROR;
				CLANG_WARN_RANGE_LOOP_ANALYSIS = YES;
				CLANG_WARN_STRICT_PROTOTYPES = YES;
				CLANG_WARN_SUSPICIOUS_MOVE = YES;
				CLANG_WARN_UNGUARDED_AVAILABILITY = YES_AGGRESSIVE;
				CLANG_WARN_UNREACHABLE_CODE = YES;
				CLANG_WARN__DUPLICATE_METHOD_MATCH = YES;
				CODE_SIGN_IDENTITY = "iPhone Developer";
				COPY_PHASE_STRIP = NO;
				CURRENT_PROJECT_VERSION = 1;
				DEBUG_INFORMATION_FORMAT = "dwarf-with-dsym";
				ENABLE_NS_ASSERTIONS = NO;
				ENABLE_STRICT_OBJC_MSGSEND = YES;
				GCC_C_LANGUAGE_STANDARD = gnu11;
				GCC_NO_COMMON_BLOCKS = YES;
				GCC_WARN_64_TO_32_BIT_CONVERSION = YES;
				GCC_WARN_ABOUT_RETURN_TYPE = YES_ERROR;
				GCC_WARN_UNDECLARED_SELECTOR = YES;
				GCC_WARN_UNINITIALIZED_AUTOS = YES_AGGRESSIVE;
				GCC_WARN_UNUSED_FUNCTION = YES;
				GCC_WARN_UNUSED_VARIABLE = YES;
				IPHONEOS_DEPLOYMENT_TARGET = 10.3;
				MTL_ENABLE_DEBUG_INFO = NO;
				SDKROOT = iphoneos;
				SWIFT_COMPILATION_MODE = wholemodule;
				SWIFT_OPTIMIZATION_LEVEL = "-O";
				VALIDATE_PRODUCT = YES;
				VERSIONING_SYSTEM = "apple-generic";
				VERSION_INFO_PREFIX = "";
			};
			name = Release;
		};
		871DE7482085FDBF00E3C8C9 /* Debug */ = {
			isa = XCBuildConfiguration;
			buildSettings = {
				CLANG_ENABLE_MODULES = YES;
				CODE_SIGN_IDENTITY = "";
				CODE_SIGN_STYLE = Automatic;
				DEFINES_MODULE = YES;
				DYLIB_COMPATIBILITY_VERSION = 1;
				DYLIB_CURRENT_VERSION = 1;
				DYLIB_INSTALL_NAME_BASE = "@rpath";
				INFOPLIST_FILE = HAProgressIndicator/Info.plist;
				INSTALL_PATH = "$(LOCAL_LIBRARY_DIR)/Frameworks";
				IPHONEOS_DEPLOYMENT_TARGET = 10.3;
				LD_RUNPATH_SEARCH_PATHS = (
					"$(inherited)",
					"@executable_path/Frameworks",
					"@loader_path/Frameworks",
				);
				PRODUCT_BUNDLE_IDENTIFIER = com.HAProgressIndicator;
				PRODUCT_NAME = "$(TARGET_NAME:c99extidentifier)";
				SKIP_INSTALL = YES;
				SWIFT_OPTIMIZATION_LEVEL = "-Onone";
				SWIFT_VERSION = 3.0;
				TARGETED_DEVICE_FAMILY = "1,2";
			};
			name = Debug;
		};
		871DE7492085FDBF00E3C8C9 /* Release */ = {
			isa = XCBuildConfiguration;
			buildSettings = {
				CLANG_ENABLE_MODULES = YES;
				CODE_SIGN_IDENTITY = "";
				CODE_SIGN_STYLE = Automatic;
				DEFINES_MODULE = YES;
				DYLIB_COMPATIBILITY_VERSION = 1;
				DYLIB_CURRENT_VERSION = 1;
				DYLIB_INSTALL_NAME_BASE = "@rpath";
				INFOPLIST_FILE = HAProgressIndicator/Info.plist;
				INSTALL_PATH = "$(LOCAL_LIBRARY_DIR)/Frameworks";
				IPHONEOS_DEPLOYMENT_TARGET = 10.3;
				LD_RUNPATH_SEARCH_PATHS = (
					"$(inherited)",
					"@executable_path/Frameworks",
					"@loader_path/Frameworks",
				);
				PRODUCT_BUNDLE_IDENTIFIER = com.HAProgressIndicator;
				PRODUCT_NAME = "$(TARGET_NAME:c99extidentifier)";
				SKIP_INSTALL = YES;
				SWIFT_VERSION = 3.0;
				TARGETED_DEVICE_FAMILY = "1,2";
			};
			name = Release;
		};
		871DE74B2085FDBF00E3C8C9 /* Debug */ = {
			isa = XCBuildConfiguration;
			buildSettings = {
				ALWAYS_EMBED_SWIFT_STANDARD_LIBRARIES = YES;
				CODE_SIGN_STYLE = Automatic;
				INFOPLIST_FILE = HAProgressIndicatorTests/Info.plist;
				LD_RUNPATH_SEARCH_PATHS = (
					"$(inherited)",
					"@executable_path/Frameworks",
					"@loader_path/Frameworks",
				);
				PRODUCT_BUNDLE_IDENTIFIER = com.HAProgressIndicatorTests;
				PRODUCT_NAME = "$(TARGET_NAME)";
				SWIFT_VERSION = 4.0;
				TARGETED_DEVICE_FAMILY = "1,2";
			};
			name = Debug;
		};
		871DE74C2085FDBF00E3C8C9 /* Release */ = {
			isa = XCBuildConfiguration;
			buildSettings = {
				ALWAYS_EMBED_SWIFT_STANDARD_LIBRARIES = YES;
				CODE_SIGN_STYLE = Automatic;
				INFOPLIST_FILE = HAProgressIndicatorTests/Info.plist;
				LD_RUNPATH_SEARCH_PATHS = (
					"$(inherited)",
					"@executable_path/Frameworks",
					"@loader_path/Frameworks",
				);
				PRODUCT_BUNDLE_IDENTIFIER = com.HAProgressIndicatorTests;
				PRODUCT_NAME = "$(TARGET_NAME)";
				SWIFT_VERSION = 4.0;
				TARGETED_DEVICE_FAMILY = "1,2";
			};
			name = Release;
		};
/* End XCBuildConfiguration section */

/* Begin XCConfigurationList section */
		871DE72D2085FDBF00E3C8C9 /* Build configuration list for PBXProject "HAProgressIndicator" */ = {
			isa = XCConfigurationList;
			buildConfigurations = (
				871DE7452085FDBF00E3C8C9 /* Debug */,
				871DE7462085FDBF00E3C8C9 /* Release */,
			);
			defaultConfigurationIsVisible = 0;
			defaultConfigurationName = Release;
		};
		871DE7472085FDBF00E3C8C9 /* Build configuration list for PBXNativeTarget "HAProgressIndicator" */ = {
			isa = XCConfigurationList;
			buildConfigurations = (
				871DE7482085FDBF00E3C8C9 /* Debug */,
				871DE7492085FDBF00E3C8C9 /* Release */,
			);
			defaultConfigurationIsVisible = 0;
			defaultConfigurationName = Release;
		};
		871DE74A2085FDBF00E3C8C9 /* Build configuration list for PBXNativeTarget "HAProgressIndicatorTests" */ = {
			isa = XCConfigurationList;
			buildConfigurations = (
				871DE74B2085FDBF00E3C8C9 /* Debug */,
				871DE74C2085FDBF00E3C8C9 /* Release */,
			);
			defaultConfigurationIsVisible = 0;
			defaultConfigurationName = Release;
		};
/* End XCConfigurationList section */
	};
	rootObject = 871DE72A2085FDBF00E3C8C9 /* Project object */;
}
